github.com/LuChuanBing/lib0 v1.2.1 h1:32SY2yXqKHamhy+/cmlNk0NByKjJRPfxut4AG/FTOzw=
github.com/LuChuanBing/lib0 v1.2.1/go.mod h1:q7fTx2xfZ/4Pj2scvJJc8UEu9Ne0PF6tE4a63S/NxIY=
github.com/LuChuanBing/lib0 v1.3.1 h1:TWOfFojcOW3+pU1YqXcg3I+FE4DPQTpa9c8jjFA3auU=
github.com/LuChuanBing/lib0 v1.3.1/go.mod h1:q7fTx2xfZ/4Pj2scvJJc8UEu9Ne0PF6tE4a63S/NxIY=
